{
  "projects": [
    {
      "projectId": "4mqFJekvji451KgKbegxWF",
      "version": "latest",
      "dependencies": {},
      "lang": "js",
      "fileLocks": [
        {
          "assetId": "4mqFJekvji451KgKbegxWF",
          "type": "projectCss",
          "checksum": "88aa2e911668ed4fb2f2bf6ee7ff99a4"
        },
        {
          "type": "renderModule",
          "assetId": "RZNeGN7lbo",
          "checksum": "8418f14250a2df95699e106da8008312"
        },
        {
          "type": "cssRules",
          "assetId": "RZNeGN7lbo",
          "checksum": "8418f14250a2df95699e106da8008312"
        }
      ]
    }
  ],
  "cliVersion": "0.1.120"
}
